// !$*UTF8*$!
{
	archiveVersion = 1;
	classes = {
	};
	objectVersion = 56;
	objects = {

/* Begin PBXBuildFile section */
		8C1F70182B0AD9EC00A1030F /* GameOfLifeApp.swift in Sources */ = {isa = PBXBuildFile; fileRef = 8C1F70172B0AD9EC00A1030F /* GameOfLifeApp.swift */; };
		8C1F701A2B0AD9EC00A1030F /* ContentView.swift in Sources */ = {isa = PBXBuildFile; fileRef = 8C1F70192B0AD9EC00A1030F /* ContentView.swift */; };
		8C1F701C2B0AD9EE00A1030F /* Assets.xcassets in Resources */ = {isa = PBXBuildFile; fileRef = 8C1F701B2B0AD9EE00A1030F /* Assets.xcassets */; };
		8C1F701F2B0AD9EE00A1030F /* Preview Assets.xcassets in Resources */ = {isa = PBXBuildFile; fileRef = 8C1F701E2B0AD9EE00A1030F /* Preview Assets.xcassets */; };
		8C1F702A2B0AD9EE00A1030F /* GameOfLifeTests.swift in Sources */ = {isa = PBXBuildFile; fileRef = 8C1F70292B0AD9EE00A1030F /* GameOfLifeTests.swift */; };
		8C1F70342B0AD9EE00A1030F /* GameOfLifeUITests.swift in Sources */ = {isa = PBXBuildFile; fileRef = 8C1F70332B0AD9EE00A1030F /* GameOfLifeUITests.swift */; };
		8C1F70362B0AD9EE00A1030F /* GameOfLifeUITestsLaunchTests.swift in Sources */ = {isa = PBXBuildFile; fileRef = 8C1F70352B0AD9EE00A1030F /* GameOfLifeUITestsLaunchTests.swift */; };
/* End PBXBuildFile section */

/* Begin PBXContainerItemProxy section */
		8C1F70262B0AD9EE00A1030F /* PBXContainerItemProxy */ = {
			isa = PBXContainerItemProxy;
			containerPortal = 8C1F700C2B0AD9EC00A1030F /* Project object */;
			proxyType = 1;
			remoteGlobalIDString = 8C1F70132B0AD9EC00A1030F;
			remoteInfo = GameOfLife;
		};
		8C1F70302B0AD9EE00A1030F /* PBXContainerItemProxy */ = {
			isa = PBXContainerItemProxy;
			containerPortal = 8C1F700C2B0AD9EC00A1030F /* Project object */;
			proxyType = 1;
			remoteGlobalIDString = 8C1F70132B0AD9EC00A1030F;
			remoteInfo = GameOfLife;
		};
/* End PBXContainerItemProxy section */

/* Begin PBXFileReference section */
		8C1F70142B0AD9EC00A1030F /* GameOfLife.app */ = {isa = PBXFileReference; explicitFileType = wrapper.application; includeInIndex = 0; path = GameOfLife.app; sourceTree = BUILT_PRODUCTS_DIR; };
		8C1F70172B0AD9EC00A1030F /* GameOfLifeApp.swift */ = {isa = PBXFileReference; lastKnownFileType = sourcecode.swift; path = GameOfLifeApp.swift; sourceTree = "<group>"; };
		8C1F70192B0AD9EC00A1030F /* ContentView.swift */ = {isa = PBXFileReference; lastKnownFileType = sourcecode.swift; path = ContentView.swift; sourceTree = "<group>"; };
		8C1F701B2B0AD9EE00A1030F /* Assets.xcassets */ = {isa = PBXFileReference; lastKnownFileType = folder.assetcatalog; path = Assets.xcassets; sourceTree = "<group>"; };
		8C1F701E2B0AD9EE00A1030F /* Preview Assets.xcassets */ = {isa = PBXFileReference; lastKnownFileType = folder.assetcatalog; path = "Preview Assets.xcassets"; sourceTree = "<group>"; };
		8C1F70202B0AD9EE00A1030F /* GameOfLife.entitlements */ = {isa = PBXFileReference; lastKnownFileType = text.plist.entitlements; path = GameOfLife.entitlements; sourceTree = "<group>"; };
		8C1F70252B0AD9EE00A1030F /* GameOfLifeTests.xctest */ = {isa = PBXFileReference; explicitFileType = wrapper.cfbundle; includeInIndex = 0; path = GameOfLifeTests.xctest; sourceTree = BUILT_PRODUCTS_DIR; };
		8C1F70292B0AD9EE00A1030F /* GameOfLifeTests.swift */ = {isa = PBXFileReference; lastKnownFileType = sourcecode.swift; path = GameOfLifeTests.swift; sourceTree = "<group>"; };
		8C1F702F2B0AD9EE00A1030F /* GameOfLifeUITests.xctest */ = {isa = PBXFileReference; explicitFileType = wrapper.cfbundle; includeInIndex = 0; path = GameOfLifeUITests.xctest; sourceTree = BUILT_PRODUCTS_DIR; };
		8C1F70332B0AD9EE00A1030F /* GameOfLifeUITests.swift */ = {isa = PBXFileReference; lastKnownFileType = sourcecode.swift; path = GameOfLifeUITests.swift; sourceTree = "<group>"; };
		8C1F70352B0AD9EE00A1030F /* GameOfLifeUITestsLaunchTests.swift */ = {isa = PBXFileReference; lastKnownFileType = sourcecode.swift; path = GameOfLifeUITestsLaunchTests.swift; sourceTree = "<group>"; };
/* End PBXFileReference section */

/* Begin PBXFrameworksBuildPhase section */
		8C1F70112B0AD9EC00A1030F /* Frameworks */ = {
			isa = PBXFrameworksBuildPhase;
			buildActionMask = 2147483647;
			files = (
			);
			runOnlyForDeploymentPostprocessing = 0;
		};
		8C1F70222B0AD9EE00A1030F /* Frameworks */ = {
			isa = PBXFrameworksBuildPhase;
			buildActionMask = 2147483647;
			files = (
			);
			runOnlyForDeploymentPostprocessing = 0;
		};
		8C1F702C2B0AD9EE00A1030F /* Frameworks */ = {
			isa = PBXFrameworksBuildPhase;
			buildActionMask = 2147483647;
			files = (
			);
			runOnlyForDeploymentPostprocessing = 0;
		};
/* End PBXFrameworksBuildPhase section */

/* Begin PBXGroup section */
		8C1F700B2B0AD9EC00A1030F = {
			isa = PBXGroup;
			children = (
				8C1F70162B0AD9EC00A1030F /* GameOfLife */,
				8C1F70282B0AD9EE00A1030F /* GameOfLifeTests */,
				8C1F70322B0AD9EE00A1030F /* GameOfLifeUITests */,
				8C1F70152B0AD9EC00A1030F /* Products */,
			);
			sourceTree = "<group>";
		};
		8C1F70152B0AD9EC00A1030F /* Products */ = {
			isa = PBXGroup;
			children = (
				8C1F70142B0AD9EC00A1030F /* GameOfLife.app */,
				8C1F70252B0AD9EE00A1030F /* GameOfLifeTests.xctest */,
				8C1F702F2B0AD9EE00A1030F /* GameOfLifeUITests.xctest */,
			);
			name = Products;
			sourceTree = "<group>";
		};
		8C1F70162B0AD9EC00A1030F /* GameOfLife */ = {
			isa = PBXGroup;
			children = (
				8C1F70172B0AD9EC00A1030F /* GameOfLifeApp.swift */,
				8C1F70192B0AD9EC00A1030F /* ContentView.swift */,
				8C1F701B2B0AD9EE00A1030F /* Assets.xcassets */,
				8C1F70202B0AD9EE00A1030F /* GameOfLife.entitlements */,
				8C1F701D2B0AD9EE00A1030F /* Preview Content */,
			);
			path = GameOfLife;
			sourceTree = "<group>";
		};
		8C1F701D2B0AD9EE00A1030F /* Preview Content */ = {
			isa = PBXGroup;
			children = (
				8C1F701E2B0AD9EE00A1030F /* Preview Assets.xcassets */,
			);
			path = "Preview Content";
			sourceTree = "<group>";
		};
		8C1F70282B0AD9EE00A1030F /* GameOfLifeTests */ = {
			isa = PBXGroup;
			children = (
				8C1F70292B0AD9EE00A1030F /* GameOfLifeTests.swift */,
			);
			path = GameOfLifeTests;
			sourceTree = "<group>";
		};
		8C1F70322B0AD9EE00A1030F /* GameOfLifeUITests */ = {
			isa = PBXGroup;
			children = (
				8C1F70332B0AD9EE00A1030F /* GameOfLifeUITests.swift */,
				8C1F70352B0AD9EE00A1030F /* GameOfLifeUITestsLaunchTests.swift */,
			);
			path = GameOfLifeUITests;
			sourceTree = "<group>";
		};
/* End PBXGroup section */

/* Begin PBXNativeTarget section */
		8C1F70132B0AD9EC00A1030F /* GameOfLife */ = {
			isa = PBXNativeTarget;
			buildConfigurationList = 8C1F70392B0AD9EE00A1030F /* Build configuration list for PBXNativeTarget "GameOfLife" */;
			buildPhases = (
				8C1F70102B0AD9EC00A1030F /* Sources */,
				8C1F70112B0AD9EC00A1030F /* Frameworks */,
				8C1F70122B0AD9EC00A1030F /* Resources */,
			);
			buildRules = (
			);
			dependencies = (
			);
			name = GameOfLife;
			productName = GameOfLife;
			productReference = 8C1F70142B0AD9EC00A1030F /* GameOfLife.app */;
			productType = "com.apple.product-type.application";
		};
		8C1F70242B0AD9EE00A1030F /* GameOfLifeTests */ = {
			isa = PBXNativeTarget;
			buildConfigurationList = 8C1F703C2B0AD9EE00A1030F /* Build configuration list for PBXNativeTarget "GameOfLifeTests" */;
			buildPhases = (
				8C1F70212B0AD9EE00A1030F /* Sources */,
				8C1F70222B0AD9EE00A1030F /* Frameworks */,
				8C1F70232B0AD9EE00A1030F /* Resources */,
			);
			buildRules = (
			);
			dependencies = (
				8C1F70272B0AD9EE00A1030F /* PBXTargetDependency */,
			);
			name = GameOfLifeTests;
			productName = GameOfLifeTests;
			productReference = 8C1F70252B0AD9EE00A1030F /* GameOfLifeTests.xctest */;
			productType = "com.apple.product-type.bundle.unit-test";
		};
		8C1F702E2B0AD9EE00A1030F /* GameOfLifeUITests */ = {
			isa = PBXNativeTarget;
			buildConfigurationList = 8C1F703F2B0AD9EE00A1030F /* Build configuration list for PBXNativeTarget "GameOfLifeUITests" */;
			buildPhases = (
				8C1F702B2B0AD9EE00A1030F /* Sources */,
				8C1F702C2B0AD9EE00A1030F /* Frameworks */,
				8C1F702D2B0AD9EE00A1030F /* Resources */,
			);
			buildRules = (
			);
			dependencies = (
				8C1F70312B0AD9EE00A1030F /* PBXTargetDependency */,
			);
			name = GameOfLifeUITests;
			productName = GameOfLifeUITests;
			productReference = 8C1F702F2B0AD9EE00A1030F /* GameOfLifeUITests.xctest */;
			productType = "com.apple.product-type.bundle.ui-testing";
		};
/* End PBXNativeTarget section */

/* Begin PBXProject section */
		8C1F700C2B0AD9EC00A1030F /* Project object */ = {
			isa = PBXProject;
			attributes = {
				BuildIndependentTargetsInParallel = 1;
				LastSwiftUpdateCheck = 1500;
				LastUpgradeCheck = 1500;
				TargetAttributes = {
					8C1F70132B0AD9EC00A1030F = {
						CreatedOnToolsVersion = 15.0;
					};
					8C1F70242B0AD9EE00A1030F = {
						CreatedOnToolsVersion = 15.0;
						TestTargetID = 8C1F70132B0AD9EC00A1030F;
					};
					8C1F702E2B0AD9EE00A1030F = {
						CreatedOnToolsVersion = 15.0;
						TestTargetID = 8C1F70132B0AD9EC00A1030F;
					};
				};
			};
			buildConfigurationList = 8C1F700F2B0AD9EC00A1030F /* Build configuration list for PBXProject "GameOfLife" */;
			compatibilityVersion = "Xcode 14.0";
			developmentRegion = en;
			hasScannedForEncodings = 0;
			knownRegions = (
				en,
				Base,
			);
			mainGroup = 8C1F700B2B0AD9EC00A1030F;
			productRefGroup = 8C1F70152B0AD9EC00A1030F /* Products */;
			projectDirPath = "";
			projectRoot = "";
			targets = (
				8C1F70132B0AD9EC00A1030F /* GameOfLife */,
				8C1F70242B0AD9EE00A1030F /* GameOfLifeTests */,
				8C1F702E2B0AD9EE00A1030F /* GameOfLifeUITests */,
			);
		};
/* End PBXProject section */

/* Begin PBXResourcesBuildPhase section */
		8C1F70122B0AD9EC00A1030F /* Resources */ = {
			isa = PBXResourcesBuildPhase;
			buildActionMask = 2147483647;
			files = (
				8C1F701F2B0AD9EE00A1030F /* Preview Assets.xcassets in Resources */,
				8C1F701C2B0AD9EE00A1030F /* Assets.xcassets in Resources */,
			);
			runOnlyForDeploymentPostprocessing = 0;
		};
		8C1F70232B0AD9EE00A1030F /* Resources */ = {
			isa = PBXResourcesBuildPhase;
			buildActionMask = 2147483647;
			files = (
			);
			runOnlyForDeploymentPostprocessing = 0;
		};
		8C1F702D2B0AD9EE00A1030F /* Resources */ = {
			isa = PBXResourcesBuildPhase;
			buildActionMask = 2147483647;
			files = (
			);
			runOnlyForDeploymentPostprocessing = 0;
		};
/* End PBXResourcesBuildPhase section */

/* Begin PBXSourcesBuildPhase section */
		8C1F70102B0AD9EC00A1030F /* Sources */ = {
			isa = PBXSourcesBuildPhase;
			buildActionMask = 2147483647;
			files = (
				8C1F701A2B0AD9EC00A1030F /* ContentView.swift in Sources */,
				8C1F70182B0AD9EC00A1030F /* GameOfLifeApp.swift in Sources */,
			);
			runOnlyForDeploymentPostprocessing = 0;
		};
		8C1F70212B0AD9EE00A1030F /* Sources */ = {
			isa = PBXSourcesBuildPhase;
			buildActionMask = 2147483647;
			files = (
				8C1F702A2B0AD9EE00A1030F /* GameOfLifeTests.swift in Sources */,
			);
			runOnlyForDeploymentPostprocessing = 0;
		};
		8C1F702B2B0AD9EE00A1030F /* Sources */ = {
			isa = PBXSourcesBuildPhase;
			buildActionMask = 2147483647;
			files = (
				8C1F70342B0AD9EE00A1030F /* GameOfLifeUITests.swift in Sources */,
				8C1F70362B0AD9EE00A1030F /* GameOfLifeUITestsLaunchTests.swift in Sources */,
			);
			runOnlyForDeploymentPostprocessing = 0;
		};
/* End PBXSourcesBuildPhase section */

/* Begin PBXTargetDependency section */
		8C1F70272B0AD9EE00A1030F /* PBXTargetDependency */ = {
			isa = PBXTargetDependency;
			target = 8C1F70132B0AD9EC00A1030F /* GameOfLife */;
			targetProxy = 8C1F70262B0AD9EE00A1030F /* PBXContainerItemProxy */;
		};
		8C1F70312B0AD9EE00A1030F /* PBXTargetDependency */ = {
			isa = PBXTargetDependency;
			target = 8C1F70132B0AD9EC00A1030F /* GameOfLife */;
			targetProxy = 8C1F70302B0AD9EE00A1030F /* PBXContainerItemProxy */;
		};
/* End PBXTargetDependency section */

/* Begin XCBuildConfiguration section */
		8C1F70372B0AD9EE00A1030F /* Debug */ = {
			isa = XCBuildConfiguration;
			buildSettings = {
				ALWAYS_SEARCH_USER_PATHS = NO;
				ASSETCATALOG_COMPILER_GENERATE_SWIFT_ASSET_SYMBOL_EXTENSIONS = YES;
				CLANG_ANALYZER_NONNULL = YES;
				CLANG_ANALYZER_NUMBER_OBJECT_CONVERSION = YES_AGGRESSIVE;
				CLANG_CXX_LANGUAGE_STANDARD = "gnu++20";
				CLANG_ENABLE_MODULES = YES;
				CLANG_ENABLE_OBJC_ARC = YES;
				CLANG_ENABLE_OBJC_WEAK = YES;
				CLANG_WARN_BLOCK_CAPTURE_AUTORELEASING = YES;
				CLANG_WARN_BOOL_CONVERSION = YES;
				CLANG_WARN_COMMA = YES;
				CLANG_WARN_CONSTANT_CONVERSION = YES;
				CLANG_WARN_DEPRECATED_OBJC_IMPLEMENTATIONS = YES;
				CLANG_WARN_DIRECT_OBJC_ISA_USAGE = YES_ERROR;
				CLANG_WARN_DOCUMENTATION_COMMENTS = YES;
				CLANG_WARN_EMPTY_BODY = YES;
				CLANG_WARN_ENUM_CONVERSION = YES;
				CLANG_WARN_INFINITE_RECURSION = YES;
				CLANG_WARN_INT_CONVERSION = YES;
				CLANG_WARN_NON_LITERAL_NULL_CONVERSION = YES;
				CLANG_WARN_OBJC_IMPLICIT_RETAIN_SELF = YES;
				CLANG_WARN_OBJC_LITERAL_CONVERSION = YES;
				CLANG_WARN_OBJC_ROOT_CLASS = YES_ERROR;
				CLANG_WARN_QUOTED_INCLUDE_IN_FRAMEWORK_HEADER = YES;
				CLANG_WARN_RANGE_LOOP_ANALYSIS = YES;
				CLANG_WARN_STRICT_PROTOTYPES = YES;
				CLANG_WARN_SUSPICIOUS_MOVE = YES;
				CLANG_WARN_UNGUARDED_AVAILABILITY = YES_AGGRESSIVE;
				CLANG_WARN_UNREACHABLE_CODE = YES;
				CLANG_WARN__DUPLICATE_METHOD_MATCH = YES;
				COPY_PHASE_STRIP = NO;
				DEBUG_INFORMATION_FORMAT = dwarf;
				ENABLE_STRICT_OBJC_MSGSEND = YES;
				ENABLE_TESTABILITY = YES;
				ENABLE_USER_SCRIPT_SANDBOXING = YES;
				GCC_C_LANGUAGE_STANDARD = gnu17;
				GCC_DYNAMIC_NO_PIC = NO;
				GCC_NO_COMMON_BLOCKS = YES;
				GCC_OPTIMIZATION_LEVEL = 0;
				GCC_PREPROCESSOR_DEFINITIONS = (
					"DEBUG=1",
					"$(inherited)",
				);
				GCC_WARN_64_TO_32_BIT_CONVERSION = YES;
				GCC_WARN_ABOUT_RETURN_TYPE = YES_ERROR;
				GCC_WARN_UNDECLARED_SELECTOR = YES;
				GCC_WARN_UNINITIALIZED_AUTOS = YES_AGGRESSIVE;
				GCC_WARN_UNUSED_FUNCTION = YES;
				GCC_WARN_UNUSED_VARIABLE = YES;
				LOCALIZATION_PREFERS_STRING_CATALOGS = YES;
				MACOSX_DEPLOYMENT_TARGET = 14.0;
				MTL_ENABLE_DEBUG_INFO = INCLUDE_SOURCE;
				MTL_FAST_MATH = YES;
				ONLY_ACTIVE_ARCH = YES;
				SDKROOT = macosx;
				SWIFT_ACTIVE_COMPILATION_CONDITIONS = "DEBUG $(inherited)";
				SWIFT_OPTIMIZATION_LEVEL = "-Onone";
			};
			name = Debug;
		};
		8C1F70382B0AD9EE00A1030F /* Release */ = {
			isa = XCBuildConfiguration;
			buildSettings = {
				ALWAYS_SEARCH_USER_PATHS = NO;
				ASSETCATALOG_COMPILER_GENERATE_SWIFT_ASSET_SYMBOL_EXTENSIONS = YES;
				CLANG_ANALYZER_NONNULL = YES;
				CLANG_ANALYZER_NUMBER_OBJECT_CONVERSION = YES_AGGRESSIVE;
				CLANG_CXX_LANGUAGE_STANDARD = "gnu++20";
				CLANG_ENABLE_MODULES = YES;
				CLANG_ENABLE_OBJC_ARC = YES;
				CLANG_ENABLE_OBJC_WEAK = YES;
				CLANG_WARN_BLOCK_CAPTURE_AUTORELEASING = YES;
				CLANG_WARN_BOOL_CONVERSION = YES;
				CLANG_WARN_COMMA = YES;
				CLANG_WARN_CONSTANT_CONVERSION = YES;
				CLANG_WARN_DEPRECATED_OBJC_IMPLEMENTATIONS = YES;
				CLANG_WARN_DIRECT_OBJC_ISA_USAGE = YES_ERROR;
				CLANG_WARN_DOCUMENTATION_COMMENTS = YES;
				CLANG_WARN_EMPTY_BODY = YES;
				CLANG_WARN_ENUM_CONVERSION = YES;
				CLANG_WARN_INFINITE_RECURSION = YES;
				CLANG_WARN_INT_CONVERSION = YES;
				CLANG_WARN_NON_LITERAL_NULL_CONVERSION = YES;
				CLANG_WARN_OBJC_IMPLICIT_RETAIN_SELF = YES;
				CLANG_WARN_OBJC_LITERAL_CONVERSION = YES;
				CLANG_WARN_OBJC_ROOT_CLASS = YES_ERROR;
				CLANG_WARN_QUOTED_INCLUDE_IN_FRAMEWORK_HEADER = YES;
				CLANG_WARN_RANGE_LOOP_ANALYSIS = YES;
				CLANG_WARN_STRICT_PROTOTYPES = YES;
				CLANG_WARN_SUSPICIOUS_MOVE = YES;
				CLANG_WARN_UNGUARDED_AVAILABILITY = YES_AGGRESSIVE;
				CLANG_WARN_UNREACHABLE_CODE = YES;
				CLANG_WARN__DUPLICATE_METHOD_MATCH = YES;
				COPY_PHASE_STRIP = NO;
				DEBUG_INFORMATION_FORMAT = "dwarf-with-dsym";
				ENABLE_NS_ASSERTIONS = NO;
				ENABLE_STRICT_OBJC_MSGSEND = YES;
				ENABLE_USER_SCRIPT_SANDBOXING = YES;
				GCC_C_LANGUAGE_STANDARD = gnu17;
				GCC_NO_COMMON_BLOCKS = YES;
				GCC_WARN_64_TO_32_BIT_CONVERSION = YES;
				GCC_WARN_ABOUT_RETURN_TYPE = YES_ERROR;
				GCC_WARN_UNDECLARED_SELECTOR = YES;
				GCC_WARN_UNINITIALIZED_AUTOS = YES_AGGRESSIVE;
				GCC_WARN_UNUSED_FUNCTION = YES;
				GCC_WARN_UNUSED_VARIABLE = YES;
				LOCALIZATION_PREFERS_STRING_CATALOGS = YES;
				MACOSX_DEPLOYMENT_TARGET = 14.0;
				MTL_ENABLE_DEBUG_INFO = NO;
				MTL_FAST_MATH = YES;
				SDKROOT = macosx;
				SWIFT_COMPILATION_MODE = wholemodule;
			};
			name = Release;
		};
		8C1F703A2B0AD9EE00A1030F /* Debug */ = {
			isa = XCBuildConfiguration;
			buildSettings = {
				ASSETCATALOG_COMPILER_APPICON_NAME = AppIcon;
				ASSETCATALOG_COMPILER_GLOBAL_ACCENT_COLOR_NAME = AccentColor;
				CODE_SIGN_ENTITLEMENTS = GameOfLife/GameOfLife.entitlements;
				CODE_SIGN_STYLE = Automatic;
				COMBINE_HIDPI_IMAGES = YES;
				CURRENT_PROJECT_VERSION = 1;
				DEVELOPMENT_ASSET_PATHS = "\"GameOfLife/Preview Content\"";
				DEVELOPMENT_TEAM = HH3JD7K438;
				ENABLE_HARDENED_RUNTIME = YES;
				ENABLE_PREVIEWS = YES;
				GENERATE_INFOPLIST_FILE = YES;
				INFOPLIST_KEY_NSHumanReadableCopyright = "";
				LD_RUNPATH_SEARCH_PATHS = (
					"$(inherited)",
					"@executable_path/../Frameworks",
				);
				MARKETING_VERSION = 1.0;
				PRODUCT_BUNDLE_IDENTIFIER = com.essentialdeveloper.GameOfLife;
				PRODUCT_NAME = "$(TARGET_NAME)";
				SWIFT_EMIT_LOC_STRINGS = YES;
				SWIFT_VERSION = 5.0;
			};
			name = Debug;
		};
		8C1F703B2B0AD9EE00A1030F /* Release */ = {
			isa = XCBuildConfiguration;
			buildSettings = {
				ASSETCATALOG_COMPILER_APPICON_NAME = AppIcon;
				ASSETCATALOG_COMPILER_GLOBAL_ACCENT_COLOR_NAME = AccentColor;
				CODE_SIGN_ENTITLEMENTS = GameOfLife/GameOfLife.entitlements;
				CODE_SIGN_STYLE = Automatic;
				COMBINE_HIDPI_IMAGES = YES;
				CURRENT_PROJECT_VERSION = 1;
				DEVELOPMENT_ASSET_PATHS = "\"GameOfLife/Preview Content\"";
				DEVELOPMENT_TEAM = HH3JD7K438;
				ENABLE_HARDENED_RUNTIME = YES;
				ENABLE_PREVIEWS = YES;
				GENERATE_INFOPLIST_FILE = YES;
				INFOPLIST_KEY_NSHumanReadableCopyright = "";
				LD_RUNPATH_SEARCH_PATHS = (
					"$(inherited)",
					"@executable_path/../Frameworks",
				);
				MARKETING_VERSION = 1.0;
				PRODUCT_BUNDLE_IDENTIFIER = com.essentialdeveloper.GameOfLife;
				PRODUCT_NAME = "$(TARGET_NAME)";
				SWIFT_EMIT_LOC_STRINGS = YES;
				SWIFT_VERSION = 5.0;
			};
			name = Release;
		};
		8C1F703D2B0AD9EE00A1030F /* Debug */ = {
			isa = XCBuildConfiguration;
			buildSettings = {
				ALWAYS_EMBED_SWIFT_STANDARD_LIBRARIES = YES;
				BUNDLE_LOADER = "$(TEST_HOST)";
				CODE_SIGN_STYLE = Automatic;
				CURRENT_PROJECT_VERSION = 1;
				DEVELOPMENT_TEAM = HH3JD7K438;
				GENERATE_INFOPLIST_FILE = YES;
				MACOSX_DEPLOYMENT_TARGET = 14.0;
				MARKETING_VERSION = 1.0;
				PRODUCT_BUNDLE_IDENTIFIER = com.essentialdeveloper.GameOfLifeTests;
				PRODUCT_NAME = "$(TARGET_NAME)";
				SWIFT_EMIT_LOC_STRINGS = NO;
				SWIFT_VERSION = 5.0;
				TEST_HOST = "$(BUILT_PRODUCTS_DIR)/GameOfLife.app/$(BUNDLE_EXECUTABLE_FOLDER_PATH)/GameOfLife";
			};
			name = Debug;
		};
		8C1F703E2B0AD9EE00A1030F /* Release */ = {
			isa = XCBuildConfiguration;
			buildSettings = {
				ALWAYS_EMBED_SWIFT_STANDARD_LIBRARIES = YES;
				BUNDLE_LOADER = "$(TEST_HOST)";
				CODE_SIGN_STYLE = Automatic;
				CURRENT_PROJECT_VERSION = 1;
				DEVELOPMENT_TEAM = HH3JD7K438;
				GENERATE_INFOPLIST_FILE = YES;
				MACOSX_DEPLOYMENT_TARGET = 14.0;
				MARKETING_VERSION = 1.0;
				PRODUCT_BUNDLE_IDENTIFIER = com.essentialdeveloper.GameOfLifeTests;
				PRODUCT_NAME = "$(TARGET_NAME)";
				SWIFT_EMIT_LOC_STRINGS = NO;
				SWIFT_VERSION = 5.0;
				TEST_HOST = "$(BUILT_PRODUCTS_DIR)/GameOfLife.app/$(BUNDLE_EXECUTABLE_FOLDER_PATH)/GameOfLife";
			};
			name = Release;
		};
		8C1F70402B0AD9EE00A1030F /* Debug */ = {
			isa = XCBuildConfiguration;
			buildSettings = {
				ALWAYS_EMBED_SWIFT_STANDARD_LIBRARIES = YES;
				CODE_SIGN_STYLE = Automatic;
				CURRENT_PROJECT_VERSION = 1;
				DEVELOPMENT_TEAM = HH3JD7K438;
				GENERATE_INFOPLIST_FILE = YES;
				MARKETING_VERSION = 1.0;
				PRODUCT_BUNDLE_IDENTIFIER = com.essentialdeveloper.GameOfLifeUITests;
				PRODUCT_NAME = "$(TARGET_NAME)";
				SWIFT_EMIT_LOC_STRINGS = NO;
				SWIFT_VERSION = 5.0;
				TEST_TARGET_NAME = GameOfLife;
			};
			name = Debug;
		};
		8C1F70412B0AD9EE00A1030F /* Release */ = {
			isa = XCBuildConfiguration;
			buildSettings = {
				ALWAYS_EMBED_SWIFT_STANDARD_LIBRARIES = YES;
				CODE_SIGN_STYLE = Automatic;
				CURRENT_PROJECT_VERSION = 1;
				DEVELOPMENT_TEAM = HH3JD7K438;
				GENERATE_INFOPLIST_FILE = YES;
				MARKETING_VERSION = 1.0;
				PRODUCT_BUNDLE_IDENTIFIER = com.essentialdeveloper.GameOfLifeUITests;
				PRODUCT_NAME = "$(TARGET_NAME)";
				SWIFT_EMIT_LOC_STRINGS = NO;
				SWIFT_VERSION = 5.0;
				TEST_TARGET_NAME = GameOfLife;
			};
			name = Release;
		};
/* End XCBuildConfiguration section */

/* Begin XCConfigurationList section */
		8C1F700F2B0AD9EC00A1030F /* Build configuration list for PBXProject "GameOfLife" */ = {
			isa = XCConfigurationList;
			buildConfigurations = (
				8C1F70372B0AD9EE00A1030F /* Debug */,
				8C1F70382B0AD9EE00A1030F /* Release */,
			);
			defaultConfigurationIsVisible = 0;
			defaultConfigurationName = Release;
		};
		8C1F70392B0AD9EE00A1030F /* Build configuration list for PBXNativeTarget "GameOfLife" */ = {
			isa = XCConfigurationList;
			buildConfigurations = (
				8C1F703A2B0AD9EE00A1030F /* Debug */,
				8C1F703B2B0AD9EE00A1030F /* Release */,
			);
			defaultConfigurationIsVisible = 0;
			defaultConfigurationName = Release;
		};
		8C1F703C2B0AD9EE00A1030F /* Build configuration list for PBXNativeTarget "GameOfLifeTests" */ = {
			isa = XCConfigurationList;
			buildConfigurations = (
				8C1F703D2B0AD9EE00A1030F /* Debug */,
				8C1F703E2B0AD9EE00A1030F /* Release */,
			);
			defaultConfigurationIsVisible = 0;
			defaultConfigurationName = Release;
		};
		8C1F703F2B0AD9EE00A1030F /* Build configuration list for PBXNativeTarget "GameOfLifeUITests" */ = {
			isa = XCConfigurationList;
			buildConfigurations = (
				8C1F70402B0AD9EE00A1030F /* Debug */,
				8C1F70412B0AD9EE00A1030F /* Release */,
			);
			defaultConfigurationIsVisible = 0;
			defaultConfigurationName = Release;
		};
/* End XCConfigurationList section */
	};
	rootObject = 8C1F700C2B0AD9EC00A1030F /* Project object */;
}
